
Microsoft Visual Studio Solution File, Format Version 12.00
# Visual Studio Version 16
VisualStudioVersion = 16.0.28803.202
MinimumVisualStudioVersion = 10.0.40219.1
Project("{FAE04EC0-301F-11D3-BF4B-00C04F79EFBC}") = "CSV", "CSV\CSV.csproj", "{AB0A7C41-1BB1-4CEB-B1ED-ED88B13B4F32}"
EndProject
Global
	GlobalSection(SolutionConfigurationPlatforms) = preSolution
		Debug|Any CPU = Debug|Any CPU
		Release|Any CPU = Release|Any CPU
	EndGlobalSection
	GlobalSection(ProjectConfigurationPlatforms) = postSolution
		{AB0A7C41-1BB1-4CEB-B1ED-ED88B13B4F32}.Debug|Any CPU.ActiveCfg = Debug|Any CPU
		{AB0A7C41-1BB1-4CEB-B1ED-ED88B13B4F32}.Debug|Any CPU.Build.0 = Debug|Any CPU
		{AB0A7C41-1BB1-4CEB-B1ED-ED88B13B4F32}.Release|Any CPU.ActiveCfg = Release|Any CPU
		{AB0A7C41-1BB1-4CEB-B1ED-ED88B13B4F32}.Release|Any CPU.Build.0 = Release|Any CPU
	EndGlobalSection
	GlobalSection(SolutionProperties) = preSolution
		HideSolutionNode = FALSE
	EndGlobalSection
	GlobalSection(ExtensibilityGlobals) = postSolution
		SolutionGuid = {C5D319F0-A76C-4FE3-922A-F355382025BC}
	EndGlobalSection
EndGlobal
